// !$*UTF8*$!
{
	archiveVersion = 1;
	classes = {
	};
	objectVersion = 48;
	objects = {

/* Begin PBXBuildFile section */
		0D4FB1FA209E45120080DF37 /* AppDelegate.swift in Sources */ = {isa = PBXBuildFile; fileRef = 0D4FB1F9209E45120080DF37 /* AppDelegate.swift */; };
		0D4FB1FC209E45130080DF37 /* MasterViewController.swift in Sources */ = {isa = PBXBuildFile; fileRef = 0D4FB1FB209E45130080DF37 /* MasterViewController.swift */; };
		0D4FB1FE209E45130080DF37 /* DetailViewController.swift in Sources */ = {isa = PBXBuildFile; fileRef = 0D4FB1FD209E45130080DF37 /* DetailViewController.swift */; };
		0D4FB201209E45130080DF37 /* Main.storyboard in Resources */ = {isa = PBXBuildFile; fileRef = 0D4FB1FF209E45130080DF37 /* Main.storyboard */; };
		0D4FB203209E45130080DF37 /* Assets.xcassets in Resources */ = {isa = PBXBuildFile; fileRef = 0D4FB202209E45130080DF37 /* Assets.xcassets */; };
		0D4FB206209E45130080DF37 /* LaunchScreen.storyboard in Resources */ = {isa = PBXBuildFile; fileRef = 0D4FB204209E45130080DF37 /* LaunchScreen.storyboard */; };
		0D4FB211209E45130080DF37 /* OhpioidTests.swift in Sources */ = {isa = PBXBuildFile; fileRef = 0D4FB210209E45130080DF37 /* OhpioidTests.swift */; };
		0D4FB21C209E45130080DF37 /* OhpioidUITests.swift in Sources */ = {isa = PBXBuildFile; fileRef = 0D4FB21B209E45130080DF37 /* OhpioidUITests.swift */; };
		0D4FB22A209E7C330080DF37 /* createPrescriptionVC.swift in Sources */ = {isa = PBXBuildFile; fileRef = 0D4FB229209E7C330080DF37 /* createPrescriptionVC.swift */; };
		6132446DC7DFE398E0671778 /* Pods_OhpioidUITests.framework in Frameworks */ = {isa = PBXBuildFile; fileRef = 9D13BA87129AA486BF8EDAA7 /* Pods_OhpioidUITests.framework */; };
		61EF51A610408A905AF752D0 /* Pods_OhpioidTests.framework in Frameworks */ = {isa = PBXBuildFile; fileRef = AE772D2DF1671B356BA294FC /* Pods_OhpioidTests.framework */; };
		81B124D36FC535C654C53E17 /* Pods_Ohpioid.framework in Frameworks */ = {isa = PBXBuildFile; fileRef = 82694D9EF7F82BEB1D3CAB44 /* Pods_Ohpioid.framework */; };
/* End PBXBuildFile section */

/* Begin PBXContainerItemProxy section */
		0D4FB20D209E45130080DF37 /* PBXContainerItemProxy */ = {
			isa = PBXContainerItemProxy;
			containerPortal = 0D4FB1EE209E45120080DF37 /* Project object */;
			proxyType = 1;
			remoteGlobalIDString = 0D4FB1F5209E45120080DF37;
			remoteInfo = Ohpioid;
		};
		0D4FB218209E45130080DF37 /* PBXContainerItemProxy */ = {
			isa = PBXContainerItemProxy;
			containerPortal = 0D4FB1EE209E45120080DF37 /* Project object */;
			proxyType = 1;
			remoteGlobalIDString = 0D4FB1F5209E45120080DF37;
			remoteInfo = Ohpioid;
		};
/* End PBXContainerItemProxy section */

/* Begin PBXFileReference section */
		0D4FB1F6209E45120080DF37 /* Ohpioid.app */ = {isa = PBXFileReference; explicitFileType = wrapper.application; includeInIndex = 0; path = Ohpioid.app; sourceTree = BUILT_PRODUCTS_DIR; };
		0D4FB1F9209E45120080DF37 /* AppDelegate.swift */ = {isa = PBXFileReference; lastKnownFileType = sourcecode.swift; path = AppDelegate.swift; sourceTree = "<group>"; };
		0D4FB1FB209E45130080DF37 /* MasterViewController.swift */ = {isa = PBXFileReference; lastKnownFileType = sourcecode.swift; path = MasterViewController.swift; sourceTree = "<group>"; };
		0D4FB1FD209E45130080DF37 /* DetailViewController.swift */ = {isa = PBXFileReference; lastKnownFileType = sourcecode.swift; path = DetailViewController.swift; sourceTree = "<group>"; };
		0D4FB200209E45130080DF37 /* Base */ = {isa = PBXFileReference; lastKnownFileType = file.storyboard; name = Base; path = Base.lproj/Main.storyboard; sourceTree = "<group>"; };
		0D4FB202209E45130080DF37 /* Assets.xcassets */ = {isa = PBXFileReference; lastKnownFileType = folder.assetcatalog; path = Assets.xcassets; sourceTree = "<group>"; };
		0D4FB205209E45130080DF37 /* Base */ = {isa = PBXFileReference; lastKnownFileType = file.storyboard; name = Base; path = Base.lproj/LaunchScreen.storyboard; sourceTree = "<group>"; };
		0D4FB207209E45130080DF37 /* Info.plist */ = {isa = PBXFileReference; lastKnownFileType = text.plist.xml; path = Info.plist; sourceTree = "<group>"; };
		0D4FB20C209E45130080DF37 /* OhpioidTests.xctest */ = {isa = PBXFileReference; explicitFileType = wrapper.cfbundle; includeInIndex = 0; path = OhpioidTests.xctest; sourceTree = BUILT_PRODUCTS_DIR; };
		0D4FB210209E45130080DF37 /* OhpioidTests.swift */ = {isa = PBXFileReference; lastKnownFileType = sourcecode.swift; path = OhpioidTests.swift; sourceTree = "<group>"; };
		0D4FB212209E45130080DF37 /* Info.plist */ = {isa = PBXFileReference; lastKnownFileType = text.plist.xml; path = Info.plist; sourceTree = "<group>"; };
		0D4FB217209E45130080DF37 /* OhpioidUITests.xctest */ = {isa = PBXFileReference; explicitFileType = wrapper.cfbundle; includeInIndex = 0; path = OhpioidUITests.xctest; sourceTree = BUILT_PRODUCTS_DIR; };
		0D4FB21B209E45130080DF37 /* OhpioidUITests.swift */ = {isa = PBXFileReference; lastKnownFileType = sourcecode.swift; path = OhpioidUITests.swift; sourceTree = "<group>"; };
		0D4FB21D209E45130080DF37 /* Info.plist */ = {isa = PBXFileReference; lastKnownFileType = text.plist.xml; path = Info.plist; sourceTree = "<group>"; };
		0D4FB229209E7C330080DF37 /* createPrescriptionVC.swift */ = {isa = PBXFileReference; lastKnownFileType = sourcecode.swift; path = createPrescriptionVC.swift; sourceTree = "<group>"; };
		435E9FCCEF2F53F7F6E8A642 /* Pods-OhpioidUITests.release.xcconfig */ = {isa = PBXFileReference; includeInIndex = 1; lastKnownFileType = text.xcconfig; name = "Pods-OhpioidUITests.release.xcconfig"; path = "Pods/Target Support Files/Pods-OhpioidUITests/Pods-OhpioidUITests.release.xcconfig"; sourceTree = "<group>"; };
		4601CDC07E477DC136201D70 /* Pods-OhpioidUITests.debug.xcconfig */ = {isa = PBXFileReference; includeInIndex = 1; lastKnownFileType = text.xcconfig; name = "Pods-OhpioidUITests.debug.xcconfig"; path = "Pods/Target Support Files/Pods-OhpioidUITests/Pods-OhpioidUITests.debug.xcconfig"; sourceTree = "<group>"; };
		82694D9EF7F82BEB1D3CAB44 /* Pods_Ohpioid.framework */ = {isa = PBXFileReference; explicitFileType = wrapper.framework; includeInIndex = 0; path = Pods_Ohpioid.framework; sourceTree = BUILT_PRODUCTS_DIR; };
		88136B44708C372587B3F3F6 /* Pods-OhpioidTests.release.xcconfig */ = {isa = PBXFileReference; includeInIndex = 1; lastKnownFileType = text.xcconfig; name = "Pods-OhpioidTests.release.xcconfig"; path = "Pods/Target Support Files/Pods-OhpioidTests/Pods-OhpioidTests.release.xcconfig"; sourceTree = "<group>"; };
		88F35FB849D7CB2DCFA63568 /* Pods-OhpioidTests.debug.xcconfig */ = {isa = PBXFileReference; includeInIndex = 1; lastKnownFileType = text.xcconfig; name = "Pods-OhpioidTests.debug.xcconfig"; path = "Pods/Target Support Files/Pods-OhpioidTests/Pods-OhpioidTests.debug.xcconfig"; sourceTree = "<group>"; };
		9D13BA87129AA486BF8EDAA7 /* Pods_OhpioidUITests.framework */ = {isa = PBXFileReference; explicitFileType = wrapper.framework; includeInIndex = 0; path = Pods_OhpioidUITests.framework; sourceTree = BUILT_PRODUCTS_DIR; };
		A00FB21760F95919D3C0C8FC /* Pods-Ohpioid.release.xcconfig */ = {isa = PBXFileReference; includeInIndex = 1; lastKnownFileType = text.xcconfig; name = "Pods-Ohpioid.release.xcconfig"; path = "Pods/Target Support Files/Pods-Ohpioid/Pods-Ohpioid.release.xcconfig"; sourceTree = "<group>"; };
		AAD90E7BC5B28AE068FE263D /* Pods-Ohpioid.debug.xcconfig */ = {isa = PBXFileReference; includeInIndex = 1; lastKnownFileType = text.xcconfig; name = "Pods-Ohpioid.debug.xcconfig"; path = "Pods/Target Support Files/Pods-Ohpioid/Pods-Ohpioid.debug.xcconfig"; sourceTree = "<group>"; };
		AE772D2DF1671B356BA294FC /* Pods_OhpioidTests.framework */ = {isa = PBXFileReference; explicitFileType = wrapper.framework; includeInIndex = 0; path = Pods_OhpioidTests.framework; sourceTree = BUILT_PRODUCTS_DIR; };
/* End PBXFileReference section */

/* Begin PBXFrameworksBuildPhase section */
		0D4FB1F3209E45120080DF37 /* Frameworks */ = {
			isa = PBXFrameworksBuildPhase;
			buildActionMask = 2147483647;
			files = (
				81B124D36FC535C654C53E17 /* Pods_Ohpioid.framework in Frameworks */,
			);
			runOnlyForDeploymentPostprocessing = 0;
		};
		0D4FB209209E45130080DF37 /* Frameworks */ = {
			isa = PBXFrameworksBuildPhase;
			buildActionMask = 2147483647;
			files = (
				61EF51A610408A905AF752D0 /* Pods_OhpioidTests.framework in Frameworks */,
			);
			runOnlyForDeploymentPostprocessing = 0;
		};
		0D4FB214209E45130080DF37 /* Frameworks */ = {
			isa = PBXFrameworksBuildPhase;
			buildActionMask = 2147483647;
			files = (
				6132446DC7DFE398E0671778 /* Pods_OhpioidUITests.framework in Frameworks */,
			);
			runOnlyForDeploymentPostprocessing = 0;
		};
/* End PBXFrameworksBuildPhase section */

/* Begin PBXGroup section */
		0D4FB1ED209E45120080DF37 = {
			isa = PBXGroup;
			children = (
				0D4FB1F8209E45120080DF37 /* Ohpioid */,
				0D4FB20F209E45130080DF37 /* OhpioidTests */,
				0D4FB21A209E45130080DF37 /* OhpioidUITests */,
				0D4FB1F7209E45120080DF37 /* Products */,
				1788AC826B67E1E58225A159 /* Pods */,
				790B695A91F9FB1ECA23EE17 /* Frameworks */,
			);
			sourceTree = "<group>";
		};
		0D4FB1F7209E45120080DF37 /* Products */ = {
			isa = PBXGroup;
			children = (
				0D4FB1F6209E45120080DF37 /* Ohpioid.app */,
				0D4FB20C209E45130080DF37 /* OhpioidTests.xctest */,
				0D4FB217209E45130080DF37 /* OhpioidUITests.xctest */,
			);
			name = Products;
			sourceTree = "<group>";
		};
		0D4FB1F8209E45120080DF37 /* Ohpioid */ = {
			isa = PBXGroup;
			children = (
				0D4FB1F9209E45120080DF37 /* AppDelegate.swift */,
				0D4FB1FB209E45130080DF37 /* MasterViewController.swift */,
				0D4FB1FD209E45130080DF37 /* DetailViewController.swift */,
				0D4FB1FF209E45130080DF37 /* Main.storyboard */,
				0D4FB202209E45130080DF37 /* Assets.xcassets */,
				0D4FB204209E45130080DF37 /* LaunchScreen.storyboard */,
				0D4FB207209E45130080DF37 /* Info.plist */,
				0D4FB229209E7C330080DF37 /* createPrescriptionVC.swift */,
			);
			path = Ohpioid;
			sourceTree = "<group>";
		};
		0D4FB20F209E45130080DF37 /* OhpioidTests */ = {
			isa = PBXGroup;
			children = (
				0D4FB210209E45130080DF37 /* OhpioidTests.swift */,
				0D4FB212209E45130080DF37 /* Info.plist */,
			);
			path = OhpioidTests;
			sourceTree = "<group>";
		};
		0D4FB21A209E45130080DF37 /* OhpioidUITests */ = {
			isa = PBXGroup;
			children = (
				0D4FB21B209E45130080DF37 /* OhpioidUITests.swift */,
				0D4FB21D209E45130080DF37 /* Info.plist */,
			);
			path = OhpioidUITests;
			sourceTree = "<group>";
		};
		1788AC826B67E1E58225A159 /* Pods */ = {
			isa = PBXGroup;
			children = (
				AAD90E7BC5B28AE068FE263D /* Pods-Ohpioid.debug.xcconfig */,
				A00FB21760F95919D3C0C8FC /* Pods-Ohpioid.release.xcconfig */,
				88F35FB849D7CB2DCFA63568 /* Pods-OhpioidTests.debug.xcconfig */,
				88136B44708C372587B3F3F6 /* Pods-OhpioidTests.release.xcconfig */,
				4601CDC07E477DC136201D70 /* Pods-OhpioidUITests.debug.xcconfig */,
				435E9FCCEF2F53F7F6E8A642 /* Pods-OhpioidUITests.release.xcconfig */,
			);
			name = Pods;
			sourceTree = "<group>";
		};
		790B695A91F9FB1ECA23EE17 /* Frameworks */ = {
			isa = PBXGroup;
			children = (
				82694D9EF7F82BEB1D3CAB44 /* Pods_Ohpioid.framework */,
				AE772D2DF1671B356BA294FC /* Pods_OhpioidTests.framework */,
				9D13BA87129AA486BF8EDAA7 /* Pods_OhpioidUITests.framework */,
			);
			name = Frameworks;
			sourceTree = "<group>";
		};
/* End PBXGroup section */

/* Begin PBXNativeTarget section */
		0D4FB1F5209E45120080DF37 /* Ohpioid */ = {
			isa = PBXNativeTarget;
			buildConfigurationList = 0D4FB220209E45130080DF37 /* Build configuration list for PBXNativeTarget "Ohpioid" */;
			buildPhases = (
				A3C7D843F55F65DCAFBF6B6A /* [CP] Check Pods Manifest.lock */,
				0D4FB1F2209E45120080DF37 /* Sources */,
				0D4FB1F3209E45120080DF37 /* Frameworks */,
				0D4FB1F4209E45120080DF37 /* Resources */,
				4D1A157840805ED7B4706F7D /* [CP] Embed Pods Frameworks */,
				DBBC7D8E040E54A1D02083F6 /* [CP] Copy Pods Resources */,
			);
			buildRules = (
			);
			dependencies = (
			);
			name = Ohpioid;
			productName = Ohpioid;
			productReference = 0D4FB1F6209E45120080DF37 /* Ohpioid.app */;
			productType = "com.apple.product-type.application";
		};
		0D4FB20B209E45130080DF37 /* OhpioidTests */ = {
			isa = PBXNativeTarget;
			buildConfigurationList = 0D4FB223209E45130080DF37 /* Build configuration list for PBXNativeTarget "OhpioidTests" */;
			buildPhases = (
				88D12E3229DC78D7B4041448 /* [CP] Check Pods Manifest.lock */,
				0D4FB208209E45130080DF37 /* Sources */,
				0D4FB209209E45130080DF37 /* Frameworks */,
				0D4FB20A209E45130080DF37 /* Resources */,
				E4A8A6C0C12DC6BFCD1219BD /* [CP] Embed Pods Frameworks */,
				CB95400B7609D5480E0AF3CD /* [CP] Copy Pods Resources */,
			);
			buildRules = (
			);
			dependencies = (
				0D4FB20E209E45130080DF37 /* PBXTargetDependency */,
			);
			name = OhpioidTests;
			productName = OhpioidTests;
			productReference = 0D4FB20C209E45130080DF37 /* OhpioidTests.xctest */;
			productType = "com.apple.product-type.bundle.unit-test";
		};
		0D4FB216209E45130080DF37 /* OhpioidUITests */ = {
			isa = PBXNativeTarget;
			buildConfigurationList = 0D4FB226209E45130080DF37 /* Build configuration list for PBXNativeTarget "OhpioidUITests" */;
			buildPhases = (
				F6D9F3824C049512EB03955D /* [CP] Check Pods Manifest.lock */,
				0D4FB213209E45130080DF37 /* Sources */,
				0D4FB214209E45130080DF37 /* Frameworks */,
				0D4FB215209E45130080DF37 /* Resources */,
				02E46F9ABD67E8F7BF17D5C7 /* [CP] Embed Pods Frameworks */,
				9CCC1F5EC9A4E9D7FAB656A6 /* [CP] Copy Pods Resources */,
			);
			buildRules = (
			);
			dependencies = (
				0D4FB219209E45130080DF37 /* PBXTargetDependency */,
			);
			name = OhpioidUITests;
			productName = OhpioidUITests;
			productReference = 0D4FB217209E45130080DF37 /* OhpioidUITests.xctest */;
			productType = "com.apple.product-type.bundle.ui-testing";
		};
/* End PBXNativeTarget section */

/* Begin PBXProject section */
		0D4FB1EE209E45120080DF37 /* Project object */ = {
			isa = PBXProject;
			attributes = {
				LastSwiftUpdateCheck = 0920;
				LastUpgradeCheck = 0920;
				ORGANIZATIONNAME = "Drew Patel";
				TargetAttributes = {
					0D4FB1F5209E45120080DF37 = {
						CreatedOnToolsVersion = 9.2;
						ProvisioningStyle = Automatic;
					};
					0D4FB20B209E45130080DF37 = {
						CreatedOnToolsVersion = 9.2;
						ProvisioningStyle = Automatic;
						TestTargetID = 0D4FB1F5209E45120080DF37;
					};
					0D4FB216209E45130080DF37 = {
						CreatedOnToolsVersion = 9.2;
						ProvisioningStyle = Automatic;
						TestTargetID = 0D4FB1F5209E45120080DF37;
					};
				};
			};
			buildConfigurationList = 0D4FB1F1209E45120080DF37 /* Build configuration list for PBXProject "Ohpioid" */;
			compatibilityVersion = "Xcode 8.0";
			developmentRegion = en;
			hasScannedForEncodings = 0;
			knownRegions = (
				en,
				Base,
			);
			mainGroup = 0D4FB1ED209E45120080DF37;
			productRefGroup = 0D4FB1F7209E45120080DF37 /* Products */;
			projectDirPath = "";
			projectRoot = "";
			targets = (
				0D4FB1F5209E45120080DF37 /* Ohpioid */,
				0D4FB20B209E45130080DF37 /* OhpioidTests */,
				0D4FB216209E45130080DF37 /* OhpioidUITests */,
			);
		};
/* End PBXProject section */

/* Begin PBXResourcesBuildPhase section */
		0D4FB1F4209E45120080DF37 /* Resources */ = {
			isa = PBXResourcesBuildPhase;
			buildActionMask = 2147483647;
			files = (
				0D4FB206209E45130080DF37 /* LaunchScreen.storyboard in Resources */,
				0D4FB203209E45130080DF37 /* Assets.xcassets in Resources */,
				0D4FB201209E45130080DF37 /* Main.storyboard in Resources */,
			);
			runOnlyForDeploymentPostprocessing = 0;
		};
		0D4FB20A209E45130080DF37 /* Resources */ = {
			isa = PBXResourcesBuildPhase;
			buildActionMask = 2147483647;
			files = (
			);
			runOnlyForDeploymentPostprocessing = 0;
		};
		0D4FB215209E45130080DF37 /* Resources */ = {
			isa = PBXResourcesBuildPhase;
			buildActionMask = 2147483647;
			files = (
			);
			runOnlyForDeploymentPostprocessing = 0;
		};
/* End PBXResourcesBuildPhase section */

/* Begin PBXShellScriptBuildPhase section */
		02E46F9ABD67E8F7BF17D5C7 /* [CP] Embed Pods Frameworks */ = {
			isa = PBXShellScriptBuildPhase;
			buildActionMask = 2147483647;
			files = (
			);
			inputPaths = (
			);
			name = "[CP] Embed Pods Frameworks";
			outputPaths = (
			);
			runOnlyForDeploymentPostprocessing = 0;
			shellPath = /bin/sh;
			shellScript = "\"${SRCROOT}/Pods/Target Support Files/Pods-OhpioidUITests/Pods-OhpioidUITests-frameworks.sh\"\n";
			showEnvVarsInLog = 0;
		};
		4D1A157840805ED7B4706F7D /* [CP] Embed Pods Frameworks */ = {
			isa = PBXShellScriptBuildPhase;
			buildActionMask = 2147483647;
			files = (
			);
			inputPaths = (
				"${SRCROOT}/Pods/Target Support Files/Pods-Ohpioid/Pods-Ohpioid-frameworks.sh",
				"${BUILT_PRODUCTS_DIR}/Alamofire/Alamofire.framework",
				"${BUILT_PRODUCTS_DIR}/Eureka/Eureka.framework",
				"${BUILT_PRODUCTS_DIR}/SwiftyJSON/SwiftyJSON.framework",
			);
			name = "[CP] Embed Pods Frameworks";
			outputPaths = (
				"${TARGET_BUILD_DIR}/${FRAMEWORKS_FOLDER_PATH}/Alamofire.framework",
				"${TARGET_BUILD_DIR}/${FRAMEWORKS_FOLDER_PATH}/Eureka.framework",
				"${TARGET_BUILD_DIR}/${FRAMEWORKS_FOLDER_PATH}/SwiftyJSON.framework",
			);
			runOnlyForDeploymentPostprocessing = 0;
			shellPath = /bin/sh;
			shellScript = "\"${SRCROOT}/Pods/Target Support Files/Pods-Ohpioid/Pods-Ohpioid-frameworks.sh\"\n";
			showEnvVarsInLog = 0;
		};
		88D12E3229DC78D7B4041448 /* [CP] Check Pods Manifest.lock */ = {
			isa = PBXShellScriptBuildPhase;
			buildActionMask = 2147483647;
			files = (
			);
			inputPaths = (
				"${PODS_PODFILE_DIR_PATH}/Podfile.lock",
				"${PODS_ROOT}/Manifest.lock",
			);
			name = "[CP] Check Pods Manifest.lock";
			outputPaths = (
				"$(DERIVED_FILE_DIR)/Pods-OhpioidTests-checkManifestLockResult.txt",
			);
			runOnlyForDeploymentPostprocessing = 0;
			shellPath = /bin/sh;
			shellScript = "diff \"${PODS_PODFILE_DIR_PATH}/Podfile.lock\" \"${PODS_ROOT}/Manifest.lock\" > /dev/null\nif [ $? != 0 ] ; then\n    # print error to STDERR\n    echo \"error: The sandbox is not in sync with the Podfile.lock. Run 'pod install' or update your CocoaPods installation.\" >&2\n    exit 1\nfi\n# This output is used by Xcode 'outputs' to avoid re-running this script phase.\necho \"SUCCESS\" > \"${SCRIPT_OUTPUT_FILE_0}\"\n";
			showEnvVarsInLog = 0;
		};
		9CCC1F5EC9A4E9D7FAB656A6 /* [CP] Copy Pods Resources */ = {
			isa = PBXShellScriptBuildPhase;
			buildActionMask = 2147483647;
			files = (
			);
			inputPaths = (
			);
			name = "[CP] Copy Pods Resources";
			outputPaths = (
			);
			runOnlyForDeploymentPostprocessing = 0;
			shellPath = /bin/sh;
			shellScript = "\"${SRCROOT}/Pods/Target Support Files/Pods-OhpioidUITests/Pods-OhpioidUITests-resources.sh\"\n";
			showEnvVarsInLog = 0;
		};
		A3C7D843F55F65DCAFBF6B6A /* [CP] Check Pods Manifest.lock */ = {
			isa = PBXShellScriptBuildPhase;
			buildActionMask = 2147483647;
			files = (
			);
			inputPaths = (
				"${PODS_PODFILE_DIR_PATH}/Podfile.lock",
				"${PODS_ROOT}/Manifest.lock",
			);
			name = "[CP] Check Pods Manifest.lock";
			outputPaths = (
				"$(DERIVED_FILE_DIR)/Pods-Ohpioid-checkManifestLockResult.txt",
			);
			runOnlyForDeploymentPostprocessing = 0;
			shellPath = /bin/sh;
			shellScript = "diff \"${PODS_PODFILE_DIR_PATH}/Podfile.lock\" \"${PODS_ROOT}/Manifest.lock\" > /dev/null\nif [ $? != 0 ] ; then\n    # print error to STDERR\n    echo \"error: The sandbox is not in sync with the Podfile.lock. Run 'pod install' or update your CocoaPods installation.\" >&2\n    exit 1\nfi\n# This output is used by Xcode 'outputs' to avoid re-running this script phase.\necho \"SUCCESS\" > \"${SCRIPT_OUTPUT_FILE_0}\"\n";
			showEnvVarsInLog = 0;
		};
		CB95400B7609D5480E0AF3CD /* [CP] Copy Pods Resources */ = {
			isa = PBXShellScriptBuildPhase;
			buildActionMask = 2147483647;
			files = (
			);
			inputPaths = (
			);
			name = "[CP] Copy Pods Resources";
			outputPaths = (
			);
			runOnlyForDeploymentPostprocessing = 0;
			shellPath = /bin/sh;
			shellScript = "\"${SRCROOT}/Pods/Target Support Files/Pods-OhpioidTests/Pods-OhpioidTests-resources.sh\"\n";
			showEnvVarsInLog = 0;
		};
		DBBC7D8E040E54A1D02083F6 /* [CP] Copy Pods Resources */ = {
			isa = PBXShellScriptBuildPhase;
			buildActionMask = 2147483647;
			files = (
			);
			inputPaths = (
			);
			name = "[CP] Copy Pods Resources";
			outputPaths = (
			);
			runOnlyForDeploymentPostprocessing = 0;
			shellPath = /bin/sh;
			shellScript = "\"${SRCROOT}/Pods/Target Support Files/Pods-Ohpioid/Pods-Ohpioid-resources.sh\"\n";
			showEnvVarsInLog = 0;
		};
		E4A8A6C0C12DC6BFCD1219BD /* [CP] Embed Pods Frameworks */ = {
			isa = PBXShellScriptBuildPhase;
			buildActionMask = 2147483647;
			files = (
			);
			inputPaths = (
			);
			name = "[CP] Embed Pods Frameworks";
			outputPaths = (
			);
			runOnlyForDeploymentPostprocessing = 0;
			shellPath = /bin/sh;
			shellScript = "\"${SRCROOT}/Pods/Target Support Files/Pods-OhpioidTests/Pods-OhpioidTests-frameworks.sh\"\n";
			showEnvVarsInLog = 0;
		};
		F6D9F3824C049512EB03955D /* [CP] Check Pods Manifest.lock */ = {
			isa = PBXShellScriptBuildPhase;
			buildActionMask = 2147483647;
			files = (
			);
			inputPaths = (
				"${PODS_PODFILE_DIR_PATH}/Podfile.lock",
				"${PODS_ROOT}/Manifest.lock",
			);
			name = "[CP] Check Pods Manifest.lock";
			outputPaths = (
				"$(DERIVED_FILE_DIR)/Pods-OhpioidUITests-checkManifestLockResult.txt",
			);
			runOnlyForDeploymentPostprocessing = 0;
			shellPath = /bin/sh;
			shellScript = "diff \"${PODS_PODFILE_DIR_PATH}/Podfile.lock\" \"${PODS_ROOT}/Manifest.lock\" > /dev/null\nif [ $? != 0 ] ; then\n    # print error to STDERR\n    echo \"error: The sandbox is not in sync with the Podfile.lock. Run 'pod install' or update your CocoaPods installation.\" >&2\n    exit 1\nfi\n# This output is used by Xcode 'outputs' to avoid re-running this script phase.\necho \"SUCCESS\" > \"${SCRIPT_OUTPUT_FILE_0}\"\n";
			showEnvVarsInLog = 0;
		};
/* End PBXShellScriptBuildPhase section */

/* Begin PBXSourcesBuildPhase section */
		0D4FB1F2209E45120080DF37 /* Sources */ = {
			isa = PBXSourcesBuildPhase;
			buildActionMask = 2147483647;
			files = (
				0D4FB22A209E7C330080DF37 /* createPrescriptionVC.swift in Sources */,
				0D4FB1FE209E45130080DF37 /* DetailViewController.swift in Sources */,
				0D4FB1FC209E45130080DF37 /* MasterViewController.swift in Sources */,
				0D4FB1FA209E45120080DF37 /* AppDelegate.swift in Sources */,
			);
			runOnlyForDeploymentPostprocessing = 0;
		};
		0D4FB208209E45130080DF37 /* Sources */ = {
			isa = PBXSourcesBuildPhase;
			buildActionMask = 2147483647;
			files = (
				0D4FB211209E45130080DF37 /* OhpioidTests.swift in Sources */,
			);
			runOnlyForDeploymentPostprocessing = 0;
		};
		0D4FB213209E45130080DF37 /* Sources */ = {
			isa = PBXSourcesBuildPhase;
			buildActionMask = 2147483647;
			files = (
				0D4FB21C209E45130080DF37 /* OhpioidUITests.swift in Sources */,
			);
			runOnlyForDeploymentPostprocessing = 0;
		};
/* End PBXSourcesBuildPhase section */

/* Begin PBXTargetDependency section */
		0D4FB20E209E45130080DF37 /* PBXTargetDependency */ = {
			isa = PBXTargetDependency;
			target = 0D4FB1F5209E45120080DF37 /* Ohpioid */;
			targetProxy = 0D4FB20D209E45130080DF37 /* PBXContainerItemProxy */;
		};
		0D4FB219209E45130080DF37 /* PBXTargetDependency */ = {
			isa = PBXTargetDependency;
			target = 0D4FB1F5209E45120080DF37 /* Ohpioid */;
			targetProxy = 0D4FB218209E45130080DF37 /* PBXContainerItemProxy */;
		};
/* End PBXTargetDependency section */

/* Begin PBXVariantGroup section */
		0D4FB1FF209E45130080DF37 /* Main.storyboard */ = {
			isa = PBXVariantGroup;
			children = (
				0D4FB200209E45130080DF37 /* Base */,
			);
			name = Main.storyboard;
			sourceTree = "<group>";
		};
		0D4FB204209E45130080DF37 /* LaunchScreen.storyboard */ = {
			isa = PBXVariantGroup;
			children = (
				0D4FB205209E45130080DF37 /* Base */,
			);
			name = LaunchScreen.storyboard;
			sourceTree = "<group>";
		};
/* End PBXVariantGroup section */

/* Begin XCBuildConfiguration section */
		0D4FB21E209E45130080DF37 /* Debug */ = {
			isa = XCBuildConfiguration;
			buildSettings = {
				ALWAYS_SEARCH_USER_PATHS = NO;
				CLANG_ANALYZER_NONNULL = YES;
				CLANG_ANALYZER_NUMBER_OBJECT_CONVERSION = YES_AGGRESSIVE;
				CLANG_CXX_LANGUAGE_STANDARD = "gnu++14";
				CLANG_CXX_LIBRARY = "libc++";
				CLANG_ENABLE_MODULES = YES;
				CLANG_ENABLE_OBJC_ARC = YES;
				CLANG_WARN_BLOCK_CAPTURE_AUTORELEASING = YES;
				CLANG_WARN_BOOL_CONVERSION = YES;
				CLANG_WARN_COMMA = YES;
				CLANG_WARN_CONSTANT_CONVERSION = YES;
				CLANG_WARN_DIRECT_OBJC_ISA_USAGE = YES_ERROR;
				CLANG_WARN_DOCUMENTATION_COMMENTS = YES;
				CLANG_WARN_EMPTY_BODY = YES;
				CLANG_WARN_ENUM_CONVERSION = YES;
				CLANG_WARN_INFINITE_RECURSION = YES;
				CLANG_WARN_INT_CONVERSION = YES;
				CLANG_WARN_NON_LITERAL_NULL_CONVERSION = YES;
				CLANG_WARN_OBJC_LITERAL_CONVERSION = YES;
				CLANG_WARN_OBJC_ROOT_CLASS = YES_ERROR;
				CLANG_WARN_RANGE_LOOP_ANALYSIS = YES;
				CLANG_WARN_STRICT_PROTOTYPES = YES;
				CLANG_WARN_SUSPICIOUS_MOVE = YES;
				CLANG_WARN_UNGUARDED_AVAILABILITY = YES_AGGRESSIVE;
				CLANG_WARN_UNREACHABLE_CODE = YES;
				CLANG_WARN__DUPLICATE_METHOD_MATCH = YES;
				CODE_SIGN_IDENTITY = "iPhone Developer";
				COPY_PHASE_STRIP = NO;
				DEBUG_INFORMATION_FORMAT = dwarf;
				ENABLE_STRICT_OBJC_MSGSEND = YES;
				ENABLE_TESTABILITY = YES;
				GCC_C_LANGUAGE_STANDARD = gnu11;
				GCC_DYNAMIC_NO_PIC = NO;
				GCC_NO_COMMON_BLOCKS = YES;
				GCC_OPTIMIZATION_LEVEL = 0;
				GCC_PREPROCESSOR_DEFINITIONS = (
					"DEBUG=1",
					"$(inherited)",
				);
				GCC_WARN_64_TO_32_BIT_CONVERSION = YES;
				GCC_WARN_ABOUT_RETURN_TYPE = YES_ERROR;
				GCC_WARN_UNDECLARED_SELECTOR = YES;
				GCC_WARN_UNINITIALIZED_AUTOS = YES_AGGRESSIVE;
				GCC_WARN_UNUSED_FUNCTION = YES;
				GCC_WARN_UNUSED_VARIABLE = YES;
				IPHONEOS_DEPLOYMENT_TARGET = 11.2;
				MTL_ENABLE_DEBUG_INFO = YES;
				ONLY_ACTIVE_ARCH = YES;
				SDKROOT = iphoneos;
				SWIFT_ACTIVE_COMPILATION_CONDITIONS = DEBUG;
				SWIFT_OPTIMIZATION_LEVEL = "-Onone";
			};
			name = Debug;
		};
		0D4FB21F209E45130080DF37 /* Release */ = {
			isa = XCBuildConfiguration;
			buildSettings = {
				ALWAYS_SEARCH_USER_PATHS = NO;
				CLANG_ANALYZER_NONNULL = YES;
				CLANG_ANALYZER_NUMBER_OBJECT_CONVERSION = YES_AGGRESSIVE;
				CLANG_CXX_LANGUAGE_STANDARD = "gnu++14";
				CLANG_CXX_LIBRARY = "libc++";
				CLANG_ENABLE_MODULES = YES;
				CLANG_ENABLE_OBJC_ARC = YES;
				CLANG_WARN_BLOCK_CAPTURE_AUTORELEASING = YES;
				CLANG_WARN_BOOL_CONVERSION = YES;
				CLANG_WARN_COMMA = YES;
				CLANG_WARN_CONSTANT_CONVERSION = YES;
				CLANG_WARN_DIRECT_OBJC_ISA_USAGE = YES_ERROR;
				CLANG_WARN_DOCUMENTATION_COMMENTS = YES;
				CLANG_WARN_EMPTY_BODY = YES;
				CLANG_WARN_ENUM_CONVERSION = YES;
				CLANG_WARN_INFINITE_RECURSION = YES;
				CLANG_WARN_INT_CONVERSION = YES;
				CLANG_WARN_NON_LITERAL_NULL_CONVERSION = YES;
				CLANG_WARN_OBJC_LITERAL_CONVERSION = YES;
				CLANG_WARN_OBJC_ROOT_CLASS = YES_ERROR;
				CLANG_WARN_RANGE_LOOP_ANALYSIS = YES;
				CLANG_WARN_STRICT_PROTOTYPES = YES;
				CLANG_WARN_SUSPICIOUS_MOVE = YES;
				CLANG_WARN_UNGUARDED_AVAILABILITY = YES_AGGRESSIVE;
				CLANG_WARN_UNREACHABLE_CODE = YES;
				CLANG_WARN__DUPLICATE_METHOD_MATCH = YES;
				CODE_SIGN_IDENTITY = "iPhone Developer";
				COPY_PHASE_STRIP = NO;
				DEBUG_INFORMATION_FORMAT = "dwarf-with-dsym";
				ENABLE_NS_ASSERTIONS = NO;
				ENABLE_STRICT_OBJC_MSGSEND = YES;
				GCC_C_LANGUAGE_STANDARD = gnu11;
				GCC_NO_COMMON_BLOCKS = YES;
				GCC_WARN_64_TO_32_BIT_CONVERSION = YES;
				GCC_WARN_ABOUT_RETURN_TYPE = YES_ERROR;
				GCC_WARN_UNDECLARED_SELECTOR = YES;
				GCC_WARN_UNINITIALIZED_AUTOS = YES_AGGRESSIVE;
				GCC_WARN_UNUSED_FUNCTION = YES;
				GCC_WARN_UNUSED_VARIABLE = YES;
				IPHONEOS_DEPLOYMENT_TARGET = 11.2;
				MTL_ENABLE_DEBUG_INFO = NO;
				SDKROOT = iphoneos;
				SWIFT_OPTIMIZATION_LEVEL = "-Owholemodule";
				VALIDATE_PRODUCT = YES;
			};
			name = Release;
		};
		0D4FB221209E45130080DF37 /* Debug */ = {
			isa = XCBuildConfiguration;
			baseConfigurationReference = AAD90E7BC5B28AE068FE263D /* Pods-Ohpioid.debug.xcconfig */;
			buildSettings = {
				ASSETCATALOG_COMPILER_APPICON_NAME = AppIcon;
				CODE_SIGN_STYLE = Automatic;
				DEVELOPMENT_TEAM = 5WHUAKUFHC;
				INFOPLIST_FILE = Ohpioid/Info.plist;
				LD_RUNPATH_SEARCH_PATHS = "$(inherited) @executable_path/Frameworks";
				PRODUCT_BUNDLE_IDENTIFIER = com.drewpatel.Ohpioid;
				PRODUCT_NAME = "$(TARGET_NAME)";
				SWIFT_VERSION = 4.0;
				TARGETED_DEVICE_FAMILY = "1,2";
			};
			name = Debug;
		};
		0D4FB222209E45130080DF37 /* Release */ = {
			isa = XCBuildConfiguration;
			baseConfigurationReference = A00FB21760F95919D3C0C8FC /* Pods-Ohpioid.release.xcconfig */;
			buildSettings = {
				ASSETCATALOG_COMPILER_APPICON_NAME = AppIcon;
				CODE_SIGN_STYLE = Automatic;
				DEVELOPMENT_TEAM = 5WHUAKUFHC;
				INFOPLIST_FILE = Ohpioid/Info.plist;
				LD_RUNPATH_SEARCH_PATHS = "$(inherited) @executable_path/Frameworks";
				PRODUCT_BUNDLE_IDENTIFIER = com.drewpatel.Ohpioid;
				PRODUCT_NAME = "$(TARGET_NAME)";
				SWIFT_VERSION = 4.0;
				TARGETED_DEVICE_FAMILY = "1,2";
			};
			name = Release;
		};
		0D4FB224209E45130080DF37 /* Debug */ = {
			isa = XCBuildConfiguration;
			baseConfigurationReference = 88F35FB849D7CB2DCFA63568 /* Pods-OhpioidTests.debug.xcconfig */;
			buildSettings = {
				ALWAYS_EMBED_SWIFT_STANDARD_LIBRARIES = YES;
				BUNDLE_LOADER = "$(TEST_HOST)";
				CODE_SIGN_STYLE = Automatic;
				DEVELOPMENT_TEAM = 5WHUAKUFHC;
				INFOPLIST_FILE = OhpioidTests/Info.plist;
				LD_RUNPATH_SEARCH_PATHS = "$(inherited) @executable_path/Frameworks @loader_path/Frameworks";
				PRODUCT_BUNDLE_IDENTIFIER = com.drewpatel.OhpioidTests;
				PRODUCT_NAME = "$(TARGET_NAME)";
				SWIFT_VERSION = 4.0;
				TARGETED_DEVICE_FAMILY = "1,2";
				TEST_HOST = "$(BUILT_PRODUCTS_DIR)/Ohpioid.app/Ohpioid";
			};
			name = Debug;
		};
		0D4FB225209E45130080DF37 /* Release */ = {
			isa = XCBuildConfiguration;
			baseConfigurationReference = 88136B44708C372587B3F3F6 /* Pods-OhpioidTests.release.xcconfig */;
			buildSettings = {
				ALWAYS_EMBED_SWIFT_STANDARD_LIBRARIES = YES;
				BUNDLE_LOADER = "$(TEST_HOST)";
				CODE_SIGN_STYLE = Automatic;
				DEVELOPMENT_TEAM = 5WHUAKUFHC;
				INFOPLIST_FILE = OhpioidTests/Info.plist;
				LD_RUNPATH_SEARCH_PATHS = "$(inherited) @executable_path/Frameworks @loader_path/Frameworks";
				PRODUCT_BUNDLE_IDENTIFIER = com.drewpatel.OhpioidTests;
				PRODUCT_NAME = "$(TARGET_NAME)";
				SWIFT_VERSION = 4.0;
				TARGETED_DEVICE_FAMILY = "1,2";
				TEST_HOST = "$(BUILT_PRODUCTS_DIR)/Ohpioid.app/Ohpioid";
			};
			name = Release;
		};
		0D4FB227209E45130080DF37 /* Debug */ = {
			isa = XCBuildConfiguration;
			baseConfigurationReference = 4601CDC07E477DC136201D70 /* Pods-OhpioidUITests.debug.xcconfig */;
			buildSettings = {
				ALWAYS_EMBED_SWIFT_STANDARD_LIBRARIES = YES;
				CODE_SIGN_STYLE = Automatic;
				DEVELOPMENT_TEAM = 5WHUAKUFHC;
				INFOPLIST_FILE = OhpioidUITests/Info.plist;
				LD_RUNPATH_SEARCH_PATHS = "$(inherited) @executable_path/Frameworks @loader_path/Frameworks";
				PRODUCT_BUNDLE_IDENTIFIER = com.drewpatel.OhpioidUITests;
				PRODUCT_NAME = "$(TARGET_NAME)";
				SWIFT_VERSION = 4.0;
				TARGETED_DEVICE_FAMILY = "1,2";
				TEST_TARGET_NAME = Ohpioid;
			};
			name = Debug;
		};
		0D4FB228209E45130080DF37 /* Release */ = {
			isa = XCBuildConfiguration;
			baseConfigurationReference = 435E9FCCEF2F53F7F6E8A642 /* Pods-OhpioidUITests.release.xcconfig */;
			buildSettings = {
				ALWAYS_EMBED_SWIFT_STANDARD_LIBRARIES = YES;
				CODE_SIGN_STYLE = Automatic;
				DEVELOPMENT_TEAM = 5WHUAKUFHC;
				INFOPLIST_FILE = OhpioidUITests/Info.plist;
				LD_RUNPATH_SEARCH_PATHS = "$(inherited) @executable_path/Frameworks @loader_path/Frameworks";
				PRODUCT_BUNDLE_IDENTIFIER = com.drewpatel.OhpioidUITests;
				PRODUCT_NAME = "$(TARGET_NAME)";
				SWIFT_VERSION = 4.0;
				TARGETED_DEVICE_FAMILY = "1,2";
				TEST_TARGET_NAME = Ohpioid;
			};
			name = Release;
		};
/* End XCBuildConfiguration section */

/* Begin XCConfigurationList section */
		0D4FB1F1209E45120080DF37 /* Build configuration list for PBXProject "Ohpioid" */ = {
			isa = XCConfigurationList;
			buildConfigurations = (
				0D4FB21E209E45130080DF37 /* Debug */,
				0D4FB21F209E45130080DF37 /* Release */,
			);
			defaultConfigurationIsVisible = 0;
			defaultConfigurationName = Release;
		};
		0D4FB220209E45130080DF37 /* Build configuration list for PBXNativeTarget "Ohpioid" */ = {
			isa = XCConfigurationList;
			buildConfigurations = (
				0D4FB221209E45130080DF37 /* Debug */,
				0D4FB222209E45130080DF37 /* Release */,
			);
			defaultConfigurationIsVisible = 0;
			defaultConfigurationName = Release;
		};
		0D4FB223209E45130080DF37 /* Build configuration list for PBXNativeTarget "OhpioidTests" */ = {
			isa = XCConfigurationList;
			buildConfigurations = (
				0D4FB224209E45130080DF37 /* Debug */,
				0D4FB225209E45130080DF37 /* Release */,
			);
			defaultConfigurationIsVisible = 0;
			defaultConfigurationName = Release;
		};
		0D4FB226209E45130080DF37 /* Build configuration list for PBXNativeTarget "OhpioidUITests" */ = {
			isa = XCConfigurationList;
			buildConfigurations = (
				0D4FB227209E45130080DF37 /* Debug */,
				0D4FB228209E45130080DF37 /* Release */,
			);
			defaultConfigurationIsVisible = 0;
			defaultConfigurationName = Release;
		};
/* End XCConfigurationList section */
	};
	rootObject = 0D4FB1EE209E45120080DF37 /* Project object */;
}
